
Microsoft Visual Studio Solution File, Format Version 12.00
# Visual Studio Version 17
VisualStudioVersion = 17.3.32929.385
MinimumVisualStudioVersion = 10.0.40219.1
Project("{FAE04EC0-301F-11D3-BF4B-00C04F79EFBC}") = "WPF_PR15_Mebel_Kile2", "WPF_PR15_Mebel_Kile2.csproj", "{40DCCC35-5D68-42DD-80CC-4BADAD530A57}"
EndProject
Global
	GlobalSection(SolutionConfigurationPlatforms) = preSolution
		Debug|Any CPU = Debug|Any CPU
		Release|Any CPU = Release|Any CPU
	EndGlobalSection
	GlobalSection(ProjectConfigurationPlatforms) = postSolution
		{40DCCC35-5D68-42DD-80CC-4BADAD530A57}.Debug|Any CPU.ActiveCfg = Debug|Any CPU
		{40DCCC35-5D68-42DD-80CC-4BADAD530A57}.Debug|Any CPU.Build.0 = Debug|Any CPU
		{40DCCC35-5D68-42DD-80CC-4BADAD530A57}.Release|Any CPU.ActiveCfg = Release|Any CPU
		{40DCCC35-5D68-42DD-80CC-4BADAD530A57}.Release|Any CPU.Build.0 = Release|Any CPU
	EndGlobalSection
	GlobalSection(SolutionProperties) = preSolution
		HideSolutionNode = FALSE
	EndGlobalSection
	GlobalSection(ExtensibilityGlobals) = postSolution
		SolutionGuid = {54AEEBA4-6C0F-4093-AC1E-288E46BB9ADD}
	EndGlobalSection
EndGlobal
